
Microsoft Visual Studio Solution File, Format Version 12.00
Project("{FAE04EC0-301F-11D3-BF4B-00C04F79EFBC}") = "Auth", "Auth\Auth.csproj", "{AB4FB8D0-178E-4E10-A197-2B4BD18D60AF}"
EndProject
Project("{2150E333-8FDC-42A3-9474-1A3956D46DE8}") = "tests", "tests", "{96105165-3CAD-4368-8314-BBEA91702CE0}"
EndProject
Project("{FAE04EC0-301F-11D3-BF4B-00C04F79EFBC}") = "Infrastructure.Config", "Infrastructure.Config\Infrastructure.Config.csproj", "{E414C135-1202-4912-8457-8A0AD10C2987}"
EndProject
Project("{FAE04EC0-301F-11D3-BF4B-00C04F79EFBC}") = "Infrastructure.Annotations", "Infrastructure.Annotations\Infrastructure.Annotations.csproj", "{4163AA25-F3CD-4857-AD6F-8EEFDB34A7E6}"
EndProject
Project("{FAE04EC0-301F-11D3-BF4B-00C04F79EFBC}") = "Infrastructure.Logging", "Infrastructure.Logging\Infrastructure.Logging.csproj", "{733178C1-7FD0-4BB1-BBFF-642CE08E8794}"
EndProject
Project("{FAE04EC0-301F-11D3-BF4B-00C04F79EFBC}") = "Infrastructure.Utils", "Infrastructure.Utils\Infrastructure.Utils.csproj", "{F2B86CD8-F9E8-4416-8CBC-A87AB4E3CFDE}"
EndProject
Project("{FAE04EC0-301F-11D3-BF4B-00C04F79EFBC}") = "Api", "Api\Api.csproj", "{4172A0A9-138E-46FB-88D6-2CCBF4C7565E}"
EndProject
Project("{FAE04EC0-301F-11D3-BF4B-00C04F79EFBC}") = "Infrastructure.Hosting", "Infrastructure.Hosting\Infrastructure.Hosting.csproj", "{50E7086A-A3F2-4474-9F3C-511D4F562742}"
EndProject
Global
	GlobalSection(SolutionConfigurationPlatforms) = preSolution
		Debug|Any CPU = Debug|Any CPU
		Release|Any CPU = Release|Any CPU
	EndGlobalSection
	GlobalSection(ProjectConfigurationPlatforms) = postSolution
		{AB4FB8D0-178E-4E10-A197-2B4BD18D60AF}.Debug|Any CPU.ActiveCfg = Debug|Any CPU
		{AB4FB8D0-178E-4E10-A197-2B4BD18D60AF}.Debug|Any CPU.Build.0 = Debug|Any CPU
		{AB4FB8D0-178E-4E10-A197-2B4BD18D60AF}.Release|Any CPU.ActiveCfg = Release|Any CPU
		{AB4FB8D0-178E-4E10-A197-2B4BD18D60AF}.Release|Any CPU.Build.0 = Release|Any CPU
		{E414C135-1202-4912-8457-8A0AD10C2987}.Debug|Any CPU.ActiveCfg = Debug|Any CPU
		{E414C135-1202-4912-8457-8A0AD10C2987}.Debug|Any CPU.Build.0 = Debug|Any CPU
		{E414C135-1202-4912-8457-8A0AD10C2987}.Release|Any CPU.ActiveCfg = Release|Any CPU
		{E414C135-1202-4912-8457-8A0AD10C2987}.Release|Any CPU.Build.0 = Release|Any CPU
		{4163AA25-F3CD-4857-AD6F-8EEFDB34A7E6}.Debug|Any CPU.ActiveCfg = Debug|Any CPU
		{4163AA25-F3CD-4857-AD6F-8EEFDB34A7E6}.Debug|Any CPU.Build.0 = Debug|Any CPU
		{4163AA25-F3CD-4857-AD6F-8EEFDB34A7E6}.Release|Any CPU.ActiveCfg = Release|Any CPU
		{4163AA25-F3CD-4857-AD6F-8EEFDB34A7E6}.Release|Any CPU.Build.0 = Release|Any CPU
		{733178C1-7FD0-4BB1-BBFF-642CE08E8794}.Debug|Any CPU.ActiveCfg = Debug|Any CPU
		{733178C1-7FD0-4BB1-BBFF-642CE08E8794}.Debug|Any CPU.Build.0 = Debug|Any CPU
		{733178C1-7FD0-4BB1-BBFF-642CE08E8794}.Release|Any CPU.ActiveCfg = Release|Any CPU
		{733178C1-7FD0-4BB1-BBFF-642CE08E8794}.Release|Any CPU.Build.0 = Release|Any CPU
		{F2B86CD8-F9E8-4416-8CBC-A87AB4E3CFDE}.Debug|Any CPU.ActiveCfg = Debug|Any CPU
		{F2B86CD8-F9E8-4416-8CBC-A87AB4E3CFDE}.Debug|Any CPU.Build.0 = Debug|Any CPU
		{F2B86CD8-F9E8-4416-8CBC-A87AB4E3CFDE}.Release|Any CPU.ActiveCfg = Release|Any CPU
		{F2B86CD8-F9E8-4416-8CBC-A87AB4E3CFDE}.Release|Any CPU.Build.0 = Release|Any CPU
		{4172A0A9-138E-46FB-88D6-2CCBF4C7565E}.Debug|Any CPU.ActiveCfg = Debug|Any CPU
		{4172A0A9-138E-46FB-88D6-2CCBF4C7565E}.Debug|Any CPU.Build.0 = Debug|Any CPU
		{4172A0A9-138E-46FB-88D6-2CCBF4C7565E}.Release|Any CPU.ActiveCfg = Release|Any CPU
		{4172A0A9-138E-46FB-88D6-2CCBF4C7565E}.Release|Any CPU.Build.0 = Release|Any CPU
		{50E7086A-A3F2-4474-9F3C-511D4F562742}.Debug|Any CPU.ActiveCfg = Debug|Any CPU
		{50E7086A-A3F2-4474-9F3C-511D4F562742}.Debug|Any CPU.Build.0 = Debug|Any CPU
		{50E7086A-A3F2-4474-9F3C-511D4F562742}.Release|Any CPU.ActiveCfg = Release|Any CPU
		{50E7086A-A3F2-4474-9F3C-511D4F562742}.Release|Any CPU.Build.0 = Release|Any CPU
	EndGlobalSection
EndGlobal
